// !$*UTF8*$!
{
	archiveVersion = 1;
	classes = {
	};
	objectVersion = 77;
	objects = {

/* Begin PBXBuildFile section */
		459352113056E808000ED1C8 /* Assets.xcassets in Resources */ = {isa = PBXBuildFile; fileRef = 4593520D3056E808000ED1C8 /* Assets.xcassets */; };
		459352123056E808000ED1C8 /* ContentView.swift in Sources */ = {isa = PBXBuildFile; fileRef = 4593520E3056E808000ED1C8 /* ContentView.swift */; };
		459352133056E808000ED1C8 /* SwiftUI_PracticeApp.swift in Sources */ = {isa = PBXBuildFile; fileRef = 4593520F3056E808000ED1C8 /* SwiftUI_PracticeApp.swift */; };
		459352163056E83C000ED1C8 /* ImageLoaderView.swift in Sources */ = {isa = PBXBuildFile; fileRef = 459352153056E83C000ED1C8 /* ImageLoaderView.swift */; };
		459352183056E891000ED1C8 /* Constants.swift in Sources */ = {isa = PBXBuildFile; fileRef = 459352173056E887000ED1C8 /* Constants.swift */; };
		4593521B3056EC7F000ED1C8 /* SDWebImageSwiftUI in Frameworks */ = {isa = PBXBuildFile; productRef = 4593521A3056EC7F000ED1C8 /* SDWebImageSwiftUI */; };
		4593521D3056EE8A000ED1C8 /* DatabaseHelper.swift in Sources */ = {isa = PBXBuildFile; fileRef = 4593521C3056EE85000ED1C8 /* DatabaseHelper.swift */; };
		459352203056F5E6000ED1C8 /* SwiftfulRouting in Frameworks */ = {isa = PBXBuildFile; productRef = 4593521F3056F5E6000ED1C8 /* SwiftfulRouting */; };
		459352233056F6E4000ED1C8 /* SwiftfulUI in Frameworks */ = {isa = PBXBuildFile; productRef = 459352223056F6E4000ED1C8 /* SwiftfulUI */; };
		459352283056FDF0000ED1C8 /* SpotifyHomeView.swift in Sources */ = {isa = PBXBuildFile; fileRef = 459352273056FDF0000ED1C8 /* SpotifyHomeView.swift */; };
		4593522A30572104000ED1C8 /* SpotifyCategoryCell.swift in Sources */ = {isa = PBXBuildFile; fileRef = 4593522930572104000ED1C8 /* SpotifyCategoryCell.swift */; };
		4593522D30572598000ED1C8 /* Category.swift in Sources */ = {isa = PBXBuildFile; fileRef = 4593522C30572598000ED1C8 /* Category.swift */; };
		4593522F305734BF000ED1C8 /* SpotifyRecentCell.swift in Sources */ = {isa = PBXBuildFile; fileRef = 4593522E305734BF000ED1C8 /* SpotifyRecentCell.swift */; };
		4593523130573A54000ED1C8 /* Product.swift in Sources */ = {isa = PBXBuildFile; fileRef = 4593523030573A4F000ED1C8 /* Product.swift */; };
		4593523330573A71000ED1C8 /* Users.swift in Sources */ = {isa = PBXBuildFile; fileRef = 4593523230573A6E000ED1C8 /* Users.swift */; };
		4593523530574006000ED1C8 /* SpotifyNewReleaseCell.swift in Sources */ = {isa = PBXBuildFile; fileRef = 4593523430574006000ED1C8 /* SpotifyNewReleaseCell.swift */; };
		4593523730581CBC000ED1C8 /* SpotifyImageTitleRowCell.swift in Sources */ = {isa = PBXBuildFile; fileRef = 4593523630581CBC000ED1C8 /* SpotifyImageTitleRowCell.swift */; };
		4593523930586486000ED1C8 /* SpotifyPlaylistView.swift in Sources */ = {isa = PBXBuildFile; fileRef = 4593523830586486000ED1C8 /* SpotifyPlaylistView.swift */; };
		4593523B30586550000ED1C8 /* PlaylistHeaderCell.swift in Sources */ = {isa = PBXBuildFile; fileRef = 4593523A30586550000ED1C8 /* PlaylistHeaderCell.swift */; };
		4593523D305872D5000ED1C8 /* PlaylistDescriptionCell.swift in Sources */ = {isa = PBXBuildFile; fileRef = 4593523C305872D5000ED1C8 /* PlaylistDescriptionCell.swift */; };
		4593523F305887B7000ED1C8 /* SongRowCell.swift in Sources */ = {isa = PBXBuildFile; fileRef = 4593523E305887B7000ED1C8 /* SongRowCell.swift */; };
/* End PBXBuildFile section */

/* Begin PBXFileReference section */
		459351FA3056E72F000ED1C8 /* SwiftUI Practice.app */ = {isa = PBXFileReference; explicitFileType = wrapper.application; includeInIndex = 0; path = "SwiftUI Practice.app"; sourceTree = BUILT_PRODUCTS_DIR; };
		4593520D3056E808000ED1C8 /* Assets.xcassets */ = {isa = PBXFileReference; lastKnownFileType = folder.assetcatalog; path = Assets.xcassets; sourceTree = "<group>"; };
		4593520E3056E808000ED1C8 /* ContentView.swift */ = {isa = PBXFileReference; lastKnownFileType = sourcecode.swift; path = ContentView.swift; sourceTree = "<group>"; };
		4593520F3056E808000ED1C8 /* SwiftUI_PracticeApp.swift */ = {isa = PBXFileReference; lastKnownFileType = sourcecode.swift; path = SwiftUI_PracticeApp.swift; sourceTree = "<group>"; };
		459352153056E83C000ED1C8 /* ImageLoaderView.swift */ = {isa = PBXFileReference; lastKnownFileType = sourcecode.swift; path = ImageLoaderView.swift; sourceTree = "<group>"; };
		459352173056E887000ED1C8 /* Constants.swift */ = {isa = PBXFileReference; lastKnownFileType = sourcecode.swift; path = Constants.swift; sourceTree = "<group>"; };
		4593521C3056EE85000ED1C8 /* DatabaseHelper.swift */ = {isa = PBXFileReference; lastKnownFileType = sourcecode.swift; path = DatabaseHelper.swift; sourceTree = "<group>"; };
		459352273056FDF0000ED1C8 /* SpotifyHomeView.swift */ = {isa = PBXFileReference; lastKnownFileType = sourcecode.swift; path = SpotifyHomeView.swift; sourceTree = "<group>"; };
		4593522930572104000ED1C8 /* SpotifyCategoryCell.swift */ = {isa = PBXFileReference; lastKnownFileType = sourcecode.swift; path = SpotifyCategoryCell.swift; sourceTree = "<group>"; };
		4593522C30572598000ED1C8 /* Category.swift */ = {isa = PBXFileReference; lastKnownFileType = sourcecode.swift; path = Category.swift; sourceTree = "<group>"; };
		4593522E305734BF000ED1C8 /* SpotifyRecentCell.swift */ = {isa = PBXFileReference; lastKnownFileType = sourcecode.swift; path = SpotifyRecentCell.swift; sourceTree = "<group>"; };
		4593523030573A4F000ED1C8 /* Product.swift */ = {isa = PBXFileReference; lastKnownFileType = sourcecode.swift; path = Product.swift; sourceTree = "<group>"; };
		4593523230573A6E000ED1C8 /* Users.swift */ = {isa = PBXFileReference; lastKnownFileType = sourcecode.swift; path = Users.swift; sourceTree = "<group>"; };
		4593523430574006000ED1C8 /* SpotifyNewReleaseCell.swift */ = {isa = PBXFileReference; lastKnownFileType = sourcecode.swift; path = SpotifyNewReleaseCell.swift; sourceTree = "<group>"; };
		4593523630581CBC000ED1C8 /* SpotifyImageTitleRowCell.swift */ = {isa = PBXFileReference; lastKnownFileType = sourcecode.swift; path = SpotifyImageTitleRowCell.swift; sourceTree = "<group>"; };
		4593523830586486000ED1C8 /* SpotifyPlaylistView.swift */ = {isa = PBXFileReference; lastKnownFileType = sourcecode.swift; path = SpotifyPlaylistView.swift; sourceTree = "<group>"; };
		4593523A30586550000ED1C8 /* PlaylistHeaderCell.swift */ = {isa = PBXFileReference; lastKnownFileType = sourcecode.swift; path = PlaylistHeaderCell.swift; sourceTree = "<group>"; };
		4593523C305872D5000ED1C8 /* PlaylistDescriptionCell.swift */ = {isa = PBXFileReference; lastKnownFileType = sourcecode.swift; path = PlaylistDescriptionCell.swift; sourceTree = "<group>"; };
		4593523E305887B7000ED1C8 /* SongRowCell.swift */ = {isa = PBXFileReference; lastKnownFileType = sourcecode.swift; path = SongRowCell.swift; sourceTree = "<group>"; };
/* End PBXFileReference section */

/* Begin PBXFrameworksBuildPhase section */
		459351F73056E72F000ED1C8 /* Frameworks */ = {
			isa = PBXFrameworksBuildPhase;
			buildActionMask = 2147483647;
			files = (
				459352233056F6E4000ED1C8 /* SwiftfulUI in Frameworks */,
				4593521B3056EC7F000ED1C8 /* SDWebImageSwiftUI in Frameworks */,
				459352203056F5E6000ED1C8 /* SwiftfulRouting in Frameworks */,
			);
			runOnlyForDeploymentPostprocessing = 0;
		};
/* End PBXFrameworksBuildPhase section */

/* Begin PBXGroup section */
		459351F13056E72F000ED1C8 = {
			isa = PBXGroup;
			children = (
				459352103056E808000ED1C8 /* SwiftUI Practice */,
				459351FB3056E72F000ED1C8 /* Products */,
			);
			sourceTree = "<group>";
		};
		459351FB3056E72F000ED1C8 /* Products */ = {
			isa = PBXGroup;
			children = (
				459351FA3056E72F000ED1C8 /* SwiftUI Practice.app */,
			);
			name = Products;
			sourceTree = "<group>";
		};
		459352103056E808000ED1C8 /* SwiftUI Practice */ = {
			isa = PBXGroup;
			children = (
				4593520D3056E808000ED1C8 /* Assets.xcassets */,
				4593520E3056E808000ED1C8 /* ContentView.swift */,
				4593520F3056E808000ED1C8 /* SwiftUI_PracticeApp.swift */,
				459352243056FC49000ED1C8 /* Spotify */,
				459352143056E80E000ED1C8 /* Shared */,
			);
			path = "SwiftUI Practice";
			sourceTree = "<group>";
		};
		459352143056E80E000ED1C8 /* Shared */ = {
			isa = PBXGroup;
			children = (
				4593523230573A6E000ED1C8 /* Users.swift */,
				4593523030573A4F000ED1C8 /* Product.swift */,
				4593521C3056EE85000ED1C8 /* DatabaseHelper.swift */,
				459352173056E887000ED1C8 /* Constants.swift */,
				459352153056E83C000ED1C8 /* ImageLoaderView.swift */,
			);
			path = Shared;
			sourceTree = "<group>";
		};
		459352243056FC49000ED1C8 /* Spotify */ = {
			isa = PBXGroup;
			children = (
				4593522B30572582000ED1C8 /* Models */,
				459352263056FC61000ED1C8 /* Core */,
				459352253056FC5B000ED1C8 /* Components */,
			);
			path = Spotify;
			sourceTree = "<group>";
		};
		459352253056FC5B000ED1C8 /* Components */ = {
			isa = PBXGroup;
			children = (
				4593522930572104000ED1C8 /* SpotifyCategoryCell.swift */,
				4593522E305734BF000ED1C8 /* SpotifyRecentCell.swift */,
				4593523430574006000ED1C8 /* SpotifyNewReleaseCell.swift */,
				4593523630581CBC000ED1C8 /* SpotifyImageTitleRowCell.swift */,
				4593523A30586550000ED1C8 /* PlaylistHeaderCell.swift */,
				4593523C305872D5000ED1C8 /* PlaylistDescriptionCell.swift */,
				4593523E305887B7000ED1C8 /* SongRowCell.swift */,
			);
			path = Components;
			sourceTree = "<group>";
		};
		459352263056FC61000ED1C8 /* Core */ = {
			isa = PBXGroup;
			children = (
				459352273056FDF0000ED1C8 /* SpotifyHomeView.swift */,
				4593523830586486000ED1C8 /* SpotifyPlaylistView.swift */,
			);
			path = Core;
			sourceTree = "<group>";
		};
		4593522B30572582000ED1C8 /* Models */ = {
			isa = PBXGroup;
			children = (
				4593522C30572598000ED1C8 /* Category.swift */,
			);
			path = Models;
			sourceTree = "<group>";
		};
/* End PBXGroup section */

/* Begin PBXNativeTarget section */
		459351F93056E72F000ED1C8 /* SwiftUI Practice */ = {
			isa = PBXNativeTarget;
			buildConfigurationList = 459352053056E731000ED1C8 /* Build configuration list for PBXNativeTarget "SwiftUI Practice" */;
			buildPhases = (
				459351F63056E72F000ED1C8 /* Sources */,
				459351F73056E72F000ED1C8 /* Frameworks */,
				459351F83056E72F000ED1C8 /* Resources */,
			);
			buildRules = (
			);
			dependencies = (
			);
			name = "SwiftUI Practice";
			packageProductDependencies = (
				4593521A3056EC7F000ED1C8 /* SDWebImageSwiftUI */,
				4593521F3056F5E6000ED1C8 /* SwiftfulRouting */,
				459352223056F6E4000ED1C8 /* SwiftfulUI */,
			);
			productName = "SwiftUI Practice";
			productReference = 459351FA3056E72F000ED1C8 /* SwiftUI Practice.app */;
			productType = "com.apple.product-type.application";
		};
/* End PBXNativeTarget section */

/* Begin PBXProject section */
		459351F23056E72F000ED1C8 /* Project object */ = {
			isa = PBXProject;
			attributes = {
				BuildIndependentTargetsInParallel = 1;
				LastSwiftUpdateCheck = 2660;
				LastUpgradeCheck = 2660;
				TargetAttributes = {
					459351F93056E72F000ED1C8 = {
						CreatedOnToolsVersion = 26.6;
					};
				};
			};
			buildConfigurationList = 459351F53056E72F000ED1C8 /* Build configuration list for PBXProject "SwiftUI Practice" */;
			developmentRegion = en;
			hasScannedForEncodings = 0;
			knownRegions = (
				en,
				Base,
			);
			mainGroup = 459351F13056E72F000ED1C8;
			minimizedProjectReferenceProxies = 1;
			packageReferences = (
				459352193056EC7F000ED1C8 /* XCRemoteSwiftPackageReference "SDWebImageSwiftUI" */,
				4593521E3056F5E6000ED1C8 /* XCRemoteSwiftPackageReference "SwiftfulRouting" */,
				459352213056F6E4000ED1C8 /* XCRemoteSwiftPackageReference "SwiftfulUI" */,
			);
			preferredProjectObjectVersion = 77;
			productRefGroup = 459351FB3056E72F000ED1C8 /* Products */;
			projectDirPath = "";
			projectRoot = "";
			targets = (
				459351F93056E72F000ED1C8 /* SwiftUI Practice */,
			);
		};
/* End PBXProject section */

/* Begin PBXResourcesBuildPhase section */
		459351F83056E72F000ED1C8 /* Resources */ = {
			isa = PBXResourcesBuildPhase;
			buildActionMask = 2147483647;
			files = (
				459352113056E808000ED1C8 /* Assets.xcassets in Resources */,
			);
			runOnlyForDeploymentPostprocessing = 0;
		};
/* End PBXResourcesBuildPhase section */

/* Begin PBXSourcesBuildPhase section */
		459351F63056E72F000ED1C8 /* Sources */ = {
			isa = PBXSourcesBuildPhase;
			buildActionMask = 2147483647;
			files = (
				4593522A30572104000ED1C8 /* SpotifyCategoryCell.swift in Sources */,
				459352283056FDF0000ED1C8 /* SpotifyHomeView.swift in Sources */,
				459352123056E808000ED1C8 /* ContentView.swift in Sources */,
				4593523530574006000ED1C8 /* SpotifyNewReleaseCell.swift in Sources */,
				4593523B30586550000ED1C8 /* PlaylistHeaderCell.swift in Sources */,
				4593521D3056EE8A000ED1C8 /* DatabaseHelper.swift in Sources */,
				459352133056E808000ED1C8 /* SwiftUI_PracticeApp.swift in Sources */,
				459352163056E83C000ED1C8 /* ImageLoaderView.swift in Sources */,
				4593523930586486000ED1C8 /* SpotifyPlaylistView.swift in Sources */,
				459352183056E891000ED1C8 /* Constants.swift in Sources */,
				4593523130573A54000ED1C8 /* Product.swift in Sources */,
				4593522F305734BF000ED1C8 /* SpotifyRecentCell.swift in Sources */,
				4593522D30572598000ED1C8 /* Category.swift in Sources */,
				4593523730581CBC000ED1C8 /* SpotifyImageTitleRowCell.swift in Sources */,
				4593523F305887B7000ED1C8 /* SongRowCell.swift in Sources */,
				4593523D305872D5000ED1C8 /* PlaylistDescriptionCell.swift in Sources */,
				4593523330573A71000ED1C8 /* Users.swift in Sources */,
			);
			runOnlyForDeploymentPostprocessing = 0;
		};
/* End PBXSourcesBuildPhase section */

/* Begin XCBuildConfiguration section */
		459352033056E731000ED1C8 /* Debug */ = {
			isa = XCBuildConfiguration;
			buildSettings = {
				ALWAYS_SEARCH_USER_PATHS = NO;
				ASSETCATALOG_COMPILER_GENERATE_SWIFT_ASSET_SYMBOL_EXTENSIONS = YES;
				CLANG_ANALYZER_NONNULL = YES;
				CLANG_ANALYZER_NUMBER_OBJECT_CONVERSION = YES_AGGRESSIVE;
				CLANG_CXX_LANGUAGE_STANDARD = "gnu++20";
				CLANG_ENABLE_MODULES = YES;
				CLANG_ENABLE_OBJC_ARC = YES;
				CLANG_ENABLE_OBJC_WEAK = YES;
				CLANG_WARN_BLOCK_CAPTURE_AUTORELEASING = YES;
				CLANG_WARN_BOOL_CONVERSION = YES;
				CLANG_WARN_COMMA = YES;
				CLANG_WARN_CONSTANT_CONVERSION = YES;
				CLANG_WARN_DEPRECATED_OBJC_IMPLEMENTATIONS = YES;
				CLANG_WARN_DIRECT_OBJC_ISA_USAGE = YES_ERROR;
				CLANG_WARN_DOCUMENTATION_COMMENTS = YES;
				CLANG_WARN_EMPTY_BODY = YES;
				CLANG_WARN_ENUM_CONVERSION = YES;
				CLANG_WARN_INFINITE_RECURSION = YES;
				CLANG_WARN_INT_CONVERSION = YES;
				CLANG_WARN_NON_LITERAL_NULL_CONVERSION = YES;
				CLANG_WARN_OBJC_IMPLICIT_RETAIN_SELF = YES;
				CLANG_WARN_OBJC_LITERAL_CONVERSION = YES;
				CLANG_WARN_OBJC_ROOT_CLASS = YES_ERROR;
				CLANG_WARN_QUOTED_INCLUDE_IN_FRAMEWORK_HEADER = YES;
				CLANG_WARN_RANGE_LOOP_ANALYSIS = YES;
				CLANG_WARN_STRICT_PROTOTYPES = YES;
				CLANG_WARN_SUSPICIOUS_MOVE = YES;
				CLANG_WARN_UNGUARDED_AVAILABILITY = YES_AGGRESSIVE;
				CLANG_WARN_UNREACHABLE_CODE = YES;
				CLANG_WARN__DUPLICATE_METHOD_MATCH = YES;
				COPY_PHASE_STRIP = NO;
				DEBUG_INFORMATION_FORMAT = dwarf;
				DEVELOPMENT_TEAM = 75RPJYM6U7;
				ENABLE_STRICT_OBJC_MSGSEND = YES;
				ENABLE_TESTABILITY = YES;
				ENABLE_USER_SCRIPT_SANDBOXING = YES;
				GCC_C_LANGUAGE_STANDARD = gnu17;
				GCC_DYNAMIC_NO_PIC = NO;
				GCC_NO_COMMON_BLOCKS = YES;
				GCC_OPTIMIZATION_LEVEL = 0;
				GCC_PREPROCESSOR_DEFINITIONS = (
					"DEBUG=1",
					"$(inherited)",
				);
				GCC_WARN_64_TO_32_BIT_CONVERSION = YES;
				GCC_WARN_ABOUT_RETURN_TYPE = YES_ERROR;
				GCC_WARN_UNDECLARED_SELECTOR = YES;
				GCC_WARN_UNINITIALIZED_AUTOS = YES_AGGRESSIVE;
				GCC_WARN_UNUSED_FUNCTION = YES;
				GCC_WARN_UNUSED_VARIABLE = YES;
				IPHONEOS_DEPLOYMENT_TARGET = 26.5;
				LOCALIZATION_PREFERS_STRING_CATALOGS = YES;
				MTL_ENABLE_DEBUG_INFO = INCLUDE_SOURCE;
				MTL_FAST_MATH = YES;
				ONLY_ACTIVE_ARCH = YES;
				SDKROOT = iphoneos;
				SWIFT_ACTIVE_COMPILATION_CONDITIONS = "DEBUG $(inherited)";
				SWIFT_OPTIMIZATION_LEVEL = "-Onone";
			};
			name = Debug;
		};
		459352043056E731000ED1C8 /* Release */ = {
			isa = XCBuildConfiguration;
			buildSettings = {
				ALWAYS_SEARCH_USER_PATHS = NO;
				ASSETCATALOG_COMPILER_GENERATE_SWIFT_ASSET_SYMBOL_EXTENSIONS = YES;
				CLANG_ANALYZER_NONNULL = YES;
				CLANG_ANALYZER_NUMBER_OBJECT_CONVERSION = YES_AGGRESSIVE;
				CLANG_CXX_LANGUAGE_STANDARD = "gnu++20";
				CLANG_ENABLE_MODULES = YES;
				CLANG_ENABLE_OBJC_ARC = YES;
				CLANG_ENABLE_OBJC_WEAK = YES;
				CLANG_WARN_BLOCK_CAPTURE_AUTORELEASING = YES;
				CLANG_WARN_BOOL_CONVERSION = YES;
				CLANG_WARN_COMMA = YES;
				CLANG_WARN_CONSTANT_CONVERSION = YES;
				CLANG_WARN_DEPRECATED_OBJC_IMPLEMENTATIONS = YES;
				CLANG_WARN_DIRECT_OBJC_ISA_USAGE = YES_ERROR;
				CLANG_WARN_DOCUMENTATION_COMMENTS = YES;
				CLANG_WARN_EMPTY_BODY = YES;
				CLANG_WARN_ENUM_CONVERSION = YES;
				CLANG_WARN_INFINITE_RECURSION = YES;
				CLANG_WARN_INT_CONVERSION = YES;
				CLANG_WARN_NON_LITERAL_NULL_CONVERSION = YES;
				CLANG_WARN_OBJC_IMPLICIT_RETAIN_SELF = YES;
				CLANG_WARN_OBJC_LITERAL_CONVERSION = YES;
				CLANG_WARN_OBJC_ROOT_CLASS = YES_ERROR;
				CLANG_WARN_QUOTED_INCLUDE_IN_FRAMEWORK_HEADER = YES;
				CLANG_WARN_RANGE_LOOP_ANALYSIS = YES;
				CLANG_WARN_STRICT_PROTOTYPES = YES;
				CLANG_WARN_SUSPICIOUS_MOVE = YES;
				CLANG_WARN_UNGUARDED_AVAILABILITY = YES_AGGRESSIVE;
				CLANG_WARN_UNREACHABLE_CODE = YES;
				CLANG_WARN__DUPLICATE_METHOD_MATCH = YES;
				COPY_PHASE_STRIP = NO;
				DEBUG_INFORMATION_FORMAT = "dwarf-with-dsym";
				DEVELOPMENT_TEAM = 75RPJYM6U7;
				ENABLE_NS_ASSERTIONS = NO;
				ENABLE_STRICT_OBJC_MSGSEND = YES;
				ENABLE_USER_SCRIPT_SANDBOXING = YES;
				GCC_C_LANGUAGE_STANDARD = gnu17;
				GCC_NO_COMMON_BLOCKS = YES;
				GCC_WARN_64_TO_32_BIT_CONVERSION = YES;
				GCC_WARN_ABOUT_RETURN_TYPE = YES_ERROR;
				GCC_WARN_UNDECLARED_SELECTOR = YES;
				GCC_WARN_UNINITIALIZED_AUTOS = YES_AGGRESSIVE;
				GCC_WARN_UNUSED_FUNCTION = YES;
				GCC_WARN_UNUSED_VARIABLE = YES;
				IPHONEOS_DEPLOYMENT_TARGET = 26.5;
				LOCALIZATION_PREFERS_STRING_CATALOGS = YES;
				MTL_ENABLE_DEBUG_INFO = NO;
				MTL_FAST_MATH = YES;
				SDKROOT = iphoneos;
				SWIFT_COMPILATION_MODE = wholemodule;
				VALIDATE_PRODUCT = YES;
			};
			name = Release;
		};
		459352063056E731000ED1C8 /* Debug */ = {
			isa = XCBuildConfiguration;
			buildSettings = {
				ASSETCATALOG_COMPILER_APPICON_NAME = AppIcon;
				ASSETCATALOG_COMPILER_GLOBAL_ACCENT_COLOR_NAME = AccentColor;
				CODE_SIGN_STYLE = Automatic;
				CURRENT_PROJECT_VERSION = 1;
				DEVELOPMENT_TEAM = 75RPJYM6U7;
				ENABLE_PREVIEWS = YES;
				GENERATE_INFOPLIST_FILE = YES;
				INFOPLIST_KEY_UIApplicationSceneManifest_Generation = YES;
				INFOPLIST_KEY_UIApplicationSupportsIndirectInputEvents = YES;
				INFOPLIST_KEY_UILaunchScreen_Generation = YES;
				INFOPLIST_KEY_UISupportedInterfaceOrientations_iPad = "UIInterfaceOrientationPortrait UIInterfaceOrientationPortraitUpsideDown UIInterfaceOrientationLandscapeLeft UIInterfaceOrientationLandscapeRight";
				INFOPLIST_KEY_UISupportedInterfaceOrientations_iPhone = "UIInterfaceOrientationPortrait UIInterfaceOrientationLandscapeLeft UIInterfaceOrientationLandscapeRight";
				LD_RUNPATH_SEARCH_PATHS = (
					"$(inherited)",
					"@executable_path/Frameworks",
				);
				MARKETING_VERSION = 1.0;
				PRODUCT_BUNDLE_IDENTIFIER = "com.sagar.SwiftUI-Practice";
				PRODUCT_NAME = "$(TARGET_NAME)";
				STRING_CATALOG_GENERATE_SYMBOLS = YES;
				SWIFT_APPROACHABLE_CONCURRENCY = YES;
				SWIFT_DEFAULT_ACTOR_ISOLATION = MainActor;
				SWIFT_EMIT_LOC_STRINGS = YES;
				SWIFT_UPCOMING_FEATURE_MEMBER_IMPORT_VISIBILITY = YES;
				SWIFT_VERSION = 5.0;
				TARGETED_DEVICE_FAMILY = "1,2";
			};
			name = Debug;
		};
		459352073056E731000ED1C8 /* Release */ = {
			isa = XCBuildConfiguration;
			buildSettings = {
				ASSETCATALOG_COMPILER_APPICON_NAME = AppIcon;
				ASSETCATALOG_COMPILER_GLOBAL_ACCENT_COLOR_NAME = AccentColor;
				CODE_SIGN_STYLE = Automatic;
				CURRENT_PROJECT_VERSION = 1;
				DEVELOPMENT_TEAM = 75RPJYM6U7;
				ENABLE_PREVIEWS = YES;
				GENERATE_INFOPLIST_FILE = YES;
				INFOPLIST_KEY_UIApplicationSceneManifest_Generation = YES;
				INFOPLIST_KEY_UIApplicationSupportsIndirectInputEvents = YES;
				INFOPLIST_KEY_UILaunchScreen_Generation = YES;
				INFOPLIST_KEY_UISupportedInterfaceOrientations_iPad = "UIInterfaceOrientationPortrait UIInterfaceOrientationPortraitUpsideDown UIInterfaceOrientationLandscapeLeft UIInterfaceOrientationLandscapeRight";
				INFOPLIST_KEY_UISupportedInterfaceOrientations_iPhone = "UIInterfaceOrientationPortrait UIInterfaceOrientationLandscapeLeft UIInterfaceOrientationLandscapeRight";
				LD_RUNPATH_SEARCH_PATHS = (
					"$(inherited)",
					"@executable_path/Frameworks",
				);
				MARKETING_VERSION = 1.0;
				PRODUCT_BUNDLE_IDENTIFIER = "com.sagar.SwiftUI-Practice";
				PRODUCT_NAME = "$(TARGET_NAME)";
				STRING_CATALOG_GENERATE_SYMBOLS = YES;
				SWIFT_APPROACHABLE_CONCURRENCY = YES;
				SWIFT_DEFAULT_ACTOR_ISOLATION = MainActor;
				SWIFT_EMIT_LOC_STRINGS = YES;
				SWIFT_UPCOMING_FEATURE_MEMBER_IMPORT_VISIBILITY = YES;
				SWIFT_VERSION = 5.0;
				TARGETED_DEVICE_FAMILY = "1,2";
			};
			name = Release;
		};
/* End XCBuildConfiguration section */

/* Begin XCConfigurationList section */
		459351F53056E72F000ED1C8 /* Build configuration list for PBXProject "SwiftUI Practice" */ = {
			isa = XCConfigurationList;
			buildConfigurations = (
				459352033056E731000ED1C8 /* Debug */,
				459352043056E731000ED1C8 /* Release */,
			);
			defaultConfigurationIsVisible = 0;
			defaultConfigurationName = Release;
		};
		459352053056E731000ED1C8 /* Build configuration list for PBXNativeTarget "SwiftUI Practice" */ = {
			isa = XCConfigurationList;
			buildConfigurations = (
				459352063056E731000ED1C8 /* Debug */,
				459352073056E731000ED1C8 /* Release */,
			);
			defaultConfigurationIsVisible = 0;
			defaultConfigurationName = Release;
		};
/* End XCConfigurationList section */

/* Begin XCRemoteSwiftPackageReference section */
		459352193056EC7F000ED1C8 /* XCRemoteSwiftPackageReference "SDWebImageSwiftUI" */ = {
			isa = XCRemoteSwiftPackageReference;
			repositoryURL = "https://github.com/SDWebImage/SDWebImageSwiftUI.git";
			requirement = {
				kind = upToNextMajorVersion;
				minimumVersion = 3.1.4;
			};
		};
		4593521E3056F5E6000ED1C8 /* XCRemoteSwiftPackageReference "SwiftfulRouting" */ = {
			isa = XCRemoteSwiftPackageReference;
			repositoryURL = "https://github.com/SwiftfulThinking/SwiftfulRouting.git";
			requirement = {
				kind = upToNextMajorVersion;
				minimumVersion = 6.2.2;
			};
		};
		459352213056F6E4000ED1C8 /* XCRemoteSwiftPackageReference "SwiftfulUI" */ = {
			isa = XCRemoteSwiftPackageReference;
			repositoryURL = "https://github.com/SwiftfulThinking/SwiftfulUI.git";
			requirement = {
				kind = upToNextMajorVersion;
				minimumVersion = 1.2.4;
			};
		};
/* End XCRemoteSwiftPackageReference section */

/* Begin XCSwiftPackageProductDependency section */
		4593521A3056EC7F000ED1C8 /* SDWebImageSwiftUI */ = {
			isa = XCSwiftPackageProductDependency;
			package = 459352193056EC7F000ED1C8 /* XCRemoteSwiftPackageReference "SDWebImageSwiftUI" */;
			productName = SDWebImageSwiftUI;
		};
		4593521F3056F5E6000ED1C8 /* SwiftfulRouting */ = {
			isa = XCSwiftPackageProductDependency;
			package = 4593521E3056F5E6000ED1C8 /* XCRemoteSwiftPackageReference "SwiftfulRouting" */;
			productName = SwiftfulRouting;
		};
		459352223056F6E4000ED1C8 /* SwiftfulUI */ = {
			isa = XCSwiftPackageProductDependency;
			package = 459352213056F6E4000ED1C8 /* XCRemoteSwiftPackageReference "SwiftfulUI" */;
			productName = SwiftfulUI;
		};
/* End XCSwiftPackageProductDependency section */
	};
	rootObject = 459351F23056E72F000ED1C8 /* Project object */;
}
